
Microsoft Visual Studio Solution File, Format Version 12.00
# Visual Studio Version 17
VisualStudioVersion = 17.8.34511.84
MinimumVisualStudioVersion = 10.0.40219.1
Project("{FAE04EC0-301F-11D3-BF4B-00C04F79EFBC}") = "datos_personales", "datos_personales.csproj", "{7A0E28C7-395F-4452-98F1-21017F08DB34}"
EndProject
Global
	GlobalSection(SolutionConfigurationPlatforms) = preSolution
		Debug|Any CPU = Debug|Any CPU
		Release|Any CPU = Release|Any CPU
	EndGlobalSection
	GlobalSection(ProjectConfigurationPlatforms) = postSolution
		{7A0E28C7-395F-4452-98F1-21017F08DB34}.Debug|Any CPU.ActiveCfg = Debug|Any CPU
		{7A0E28C7-395F-4452-98F1-21017F08DB34}.Debug|Any CPU.Build.0 = Debug|Any CPU
		{7A0E28C7-395F-4452-98F1-21017F08DB34}.Release|Any CPU.ActiveCfg = Release|Any CPU
		{7A0E28C7-395F-4452-98F1-21017F08DB34}.Release|Any CPU.Build.0 = Release|Any CPU
	EndGlobalSection
	GlobalSection(SolutionProperties) = preSolution
		HideSolutionNode = FALSE
	EndGlobalSection
	GlobalSection(ExtensibilityGlobals) = postSolution
		SolutionGuid = {4769DDDA-10D9-479D-9292-7E69926B7200}
	EndGlobalSection
EndGlobal
